{
  "requires": true,
  "lockfileVersion": 1,
  "dependencies": {
    "html5-qrcode": {
      "version": "2.0.13",
      "resolved": "https://registry.npmjs.org/html5-qrcode/-/html5-qrcode-2.0.13.tgz",
      "integrity": "sha512-nB7jN8p/GJ7GSCqNvpXef4tkl55/WWh3d6Ob7fxIpf6AvbnbE/jWXWUhlQrZnnFirHgmsEqHhSVv6RjPk8/iKQ==",
      "dev": true
    }
  }
}
